lockfileVersion: '9.0'

settings:
  autoInstallPeers: true
  excludeLinksFromLockfile: false

importers:

  .:
    dependencies:
      '@varlet/touch-emulator':
        specifier: 3.2.14
        version: 3.2.14
      '@varlet/ui':
        specifier: 3.2.14
        version: 3.2.14(vue@3.3.9(typescript@5.3.2))
      core-js:
        specifier: ^3.33.3
        version: 3.33.3
      vue:
        specifier: ^3.3.4
        version: 3.3.9(typescript@5.3.2)
    devDependencies:
      '@rsbuild/core':
        specifier: ^0.1.7
        version: 0.1.7
      '@rsbuild/plugin-vue':
        specifier: ^0.1.7
        version: 0.1.7(@rsbuild/core@0.1.7)(vue@3.3.9(typescript@5.3.2))
      typescript:
        specifier: ^5.3.0
        version: 5.3.2

packages:

  '@babel/helper-string-parser@7.23.4':
    resolution: {integrity: sha512-803gmbQdqwdf4olxrX4AJyFBV/RTr3rSmOj0rKwesmzlfhYNDEs+/iOcznzpNWlJlIlTJC2QfPFcHB6DlzdVLQ==}
    engines: {node: '>=6.9.0'}

  '@babel/helper-validator-identifier@7.22.20':
    resolution: {integrity: sha512-Y4OZ+ytlatR8AI+8KZfKuL5urKp7qey08ha31L8b3BwewJAoJamTzyvxPR/5D+KkdJCGPq/+8TukHBlY10FX9A==}
    engines: {node: '>=6.9.0'}

  '@babel/parser@7.23.5':
    resolution: {integrity: sha512-hOOqoiNXrmGdFbhgCzu6GiURxUgM27Xwd/aPuu8RfHEZPBzL1Z54okAHAQjXfcQNwvrlkAmAp4SlRTZ45vlthQ==}
    engines: {node: '>=6.0.0'}
    hasBin: true

  '@babel/types@7.23.5':
    resolution: {integrity: sha512-ON5kSOJwVO6xXVRTvOI0eOnWe7VdUcIpsovGo9U/Br4Ie4UVFQTboO2cYnDhAGU6Fp+UxSiT+pMft0SMHfuq6w==}
    engines: {node: '>=6.9.0'}

  '@jridgewell/gen-mapping@0.3.3':
    resolution: {integrity: sha512-HLhSWOLRi875zjjMG/r+Nv0oCW8umGb0BgEhyX3dDX3egwZtB8PqLnjz3yedt8R5StBrzcg4aBpnh8UA9D1BoQ==}
    engines: {node: '>=6.0.0'}

  '@jridgewell/resolve-uri@3.1.1':
    resolution: {integrity: sha512-dSYZh7HhCDtCKm4QakX0xFpsRDqjjtZf/kjI/v3T3Nwt5r8/qz/M19F9ySyOqU94SXBmeG9ttTul+YnR4LOxFA==}
    engines: {node: '>=6.0.0'}

  '@jridgewell/set-array@1.1.2':
    resolution: {integrity: sha512-xnkseuNADM0gt2bs+BvhO0p78Mk762YnZdsuzFV018NoG1Sj1SCQvpSqa7XUaTam5vAGasABV9qXASMKnFMwMw==}
    engines: {node: '>=6.0.0'}

  '@jridgewell/source-map@0.3.5':
    resolution: {integrity: sha512-UTYAUj/wviwdsMfzoSJspJxbkH5o1snzwX0//0ENX1u/55kkZZkcTZP6u9bwKGkv+dkk9at4m1Cpt0uY80kcpQ==}

  '@jridgewell/sourcemap-codec@1.4.15':
    resolution: {integrity: sha512-eF2rxCRulEKXHTRiDrDy6erMYWqNw4LPdQ8UQA4huuxaQsVeRPFl2oM8oDGxMFhJUWZf9McpLtJasDDZb/Bpeg==}

  '@jridgewell/trace-mapping@0.3.20':
    resolution: {integrity: sha512-R8LcPeWZol2zR8mmH3JeKQ6QRCFb7XgUhV9ZlGhHLGyg4wpPiPZNQOOWhFZhxKw8u//yTbNGI42Bx/3paXEQ+Q==}

  '@popperjs/core@2.11.8':
    resolution: {integrity: sha512-P1st0aksCrn9sGZhp8GMYwBnQsbvAWsZAX44oXNNvLHGqAOcoVxmjZiohstwQ7SqKnbR47akdNi+uleWD8+g6A==}

  '@rsbuild/core@0.1.7':
    resolution: {integrity: sha512-U6x56KNH/6c5XuIacSLG1d4moagfEbv2YIWRxz1inoDYOOAICQAgd7fHQ8DIfLcuHFIy/iDfF8cyIijvBHjEvg==}
    engines: {node: '>=14.0.0'}
    hasBin: true

  '@rsbuild/plugin-vue@0.1.7':
    resolution: {integrity: sha512-6wrgBi7Bb/xdoqwEusoQa64hWNEKrOsqvjdwxpLoDLI7aX/mPJKfuUNvhb+nMKo+CMdGn3MwhrafQHWgGBsLFg==}
    peerDependencies:
      '@rsbuild/core': 0.x

  '@rsbuild/shared@0.1.7':
    resolution: {integrity: sha512-5d0s0DKXHLGVLbyPxUtbIxmgrtj20l1pY0wALsei9aCUJqaCFP+Lh6eWow1+K0EUZEqlBsqbj3V1oskrYRNUhA==}

  '@rspack/binding-darwin-arm64@0.4.1':
    resolution: {integrity: sha512-oGosukPLEycihtFq+sfx4NOCYJW6+LBbdwlj9hNW8s7mqSshkKBTEkzGgEA+tsyQODOD13Qvg9R4dhUkXnMFJg==}
    cpu: [arm64]
    os: [darwin]

  '@rspack/binding-darwin-x64@0.4.1':
    resolution: {integrity: sha512-k7PbuNXxeqTL+5JONH+5PWk0iwiztT3zXej12qgy2joddWXpxkZJPjTxy8sNFV2tMQ7T0UqbWZaB3ZUFvPu5IA==}
    cpu: [x64]
    os: [darwin]

  '@rspack/binding-linux-arm64-gnu@0.4.1':
    resolution: {integrity: sha512-dunS6sTH14cbDIbt4gs7Bd/tHLS/D87dhgEu9GUH+oVR8niSzXKyhJayOOefxr7L1/tSUtEVGJAbYFXgz5LvNg==}
    cpu: [arm64]
    os: [linux]

  '@rspack/binding-linux-arm64-musl@0.4.1':
    resolution: {integrity: sha512-d/iUGx/uLy6eJ5OpFWH+ALcdgMiTgktq0UNbPN69lKkDctvfGCyi5tPHwbIh1g6WrpbROq7EPldNAxYAIAH8aw==}
    cpu: [arm64]
    os: [linux]

  '@rspack/binding-linux-x64-gnu@0.4.1':
    resolution: {integrity: sha512-bDLwt2D5dSQlJPfbzdtANvaZfaQrRAU/g6wmFF12RX2rZjPTipihMi5gywdGaDzAfCryRy8JE2CLqECI5sxKNw==}
    cpu: [x64]
    os: [linux]

  '@rspack/binding-linux-x64-musl@0.4.1':
    resolution: {integrity: sha512-lROn0GNzSjVBjILfeaoy5fLhVvjaY6bHGXit6EecDsd3BsruvlOVMaru+gU5otZO/o4ndTqFcA6xwCmXNn6Atg==}
    cpu: [x64]
    os: [linux]

  '@rspack/binding-win32-arm64-msvc@0.4.1':
    resolution: {integrity: sha512-PKIQDu4vRADPqQtnkiJwqDmgT5kuRj8oJgx6tb6D8kR+SFq2Y26zadNPu/LulfUTgQmxJSyQEvz4su3Gp1tAsQ==}
    cpu: [arm64]
    os: [win32]

  '@rspack/binding-win32-ia32-msvc@0.4.1':
    resolution: {integrity: sha512-RqcW+kedZoNlWXUdZiyuxHEQKerDx6zGjoCg5GSMZpCxFZsNMwq65Ok5WCH8WI+hzFXzphq06FgjpB5Y8K3zsQ==}
    cpu: [ia32]
    os: [win32]

  '@rspack/binding-win32-x64-msvc@0.4.1':
    resolution: {integrity: sha512-eNvamV92pt0lP9o43HdtpiD7Oo7lHeQqwNnaKAetN4BHVSPLtOjkHFS/aM1SKMtxCayEdzXYU7UZGPQvmdcXqQ==}
    cpu: [x64]
    os: [win32]

  '@rspack/binding@0.4.1':
    resolution: {integrity: sha512-tPETZWbP9VYzmdCIKmaxWWx0z2c//acd5eV2kgKOSWt29MH2wo+EFySfvWKWVCTwjBkuVrqaULUxcIJB3vUCTg==}

  '@rspack/core@0.4.1':
    resolution: {integrity: sha512-g502i0fHMj0lCr1Y/Bh5iwsEGB1BTiN+H06Oc39qEgs4bwQqnkGg/iQSBoR7q1886lAK8yIIDQeyCxF/6qI7EA==}
    engines: {node: '>=16.0.0'}

  '@swc/helpers@0.5.1':
    resolution: {integrity: sha512-sJ902EfIzn1Fa+qYmjdQqh8tPsoxyBz+8yBKC2HKUxyezKJFwPGOn7pv4WY6QuQW//ySQi5lJjA/ZT9sNWWNTg==}

  '@types/eslint-scope@3.7.7':
    resolution: {integrity: sha512-MzMFlSLBqNF2gcHWO0G1vP/YQyfvrxZ0bF+u7mzUdZ1/xK4A4sru+nraZz5i3iEIk1l1uyicaDVTB4QbbEkAYg==}

  '@types/eslint@8.44.8':
    resolution: {integrity: sha512-4K8GavROwhrYl2QXDXm0Rv9epkA8GBFu0EI+XrrnnuCl7u8CWBRusX7fXJfanhZTDWSAL24gDI/UqXyUM0Injw==}

  '@types/estree@1.0.5':
    resolution: {integrity: sha512-/kYRxGDLWzHOB7q+wtSUQlFrtcdUccpfy+X+9iMBpHK8QLLhx2wIPYuS5DYtR9Wa/YlZAbIovy7qVdB1Aq6Lyw==}

  '@types/json-schema@7.0.15':
    resolution: {integrity: sha512-5+fP8P8MFNC+AyZCDxrB2pkZFPGzqQWUzpSeuuVLvm8VMcorNYavBqoFcxK8bQz4Qsbn4oUEEem4wDLfcysGHA==}

  '@types/node@20.10.2':
    resolution: {integrity: sha512-37MXfxkb0vuIlRKHNxwCkb60PNBpR94u4efQuN4JgIAm66zfCDXGSAFCef9XUWFovX2R1ok6Z7MHhtdVXXkkIw==}

  '@varlet/icons@3.2.14':
    resolution: {integrity: sha512-UjKPg94KdsmzNr/CjRbV8AaKHBpgcAAMVNl1B4OTRzptdf6HDibyLIicrti4eO1xDHWKSZQM+qds24T39TXfuQ==}

  '@varlet/shared@3.2.14':
    resolution: {integrity: sha512-BwwQmfQsmypwqxiL9td2rv8HBeL+OymPA4mrJq9Mcn1tDxJi6WtD6Yjmf1RMqUgqeLoVCHsK6xadrS4Xzri2kQ==}

  '@varlet/touch-emulator@3.2.14':
    resolution: {integrity: sha512-B7o7sYbxaB5em46MwF4ry4l6i0/HUegg2JBUCvkVp23EMv4xnXagpjZZYa9t+ExcdeGTiY1MJHjmTnPUyelxNQ==}

  '@varlet/ui@3.2.14':
    resolution: {integrity: sha512-nHRNcJWqQz8h9j1mfr7+A3s42fAWdhcLtE+PGec1mHVWxyu5vm5zGz0/7hAzy3xbghhu7VLGst3zqx91mpWh4Q==}
    peerDependencies:
      vue: ^3.2.0

  '@varlet/use@3.2.14':
    resolution: {integrity: sha512-VCgUOxe7qg/CmPBGSDheoyvulgzoOjqzhanCX+3kFKTd+alpW7673bdIWYAB7JmC22cTVdAppLgJ8oj8fkWFtw==}
    peerDependencies:
      vue: ^3.2.0

  '@vue/compiler-core@3.3.9':
    resolution: {integrity: sha512-+/Lf68Vr/nFBA6ol4xOtJrW+BQWv3QWKfRwGSm70jtXwfhZNF4R/eRgyVJYoxFRhdCTk/F6g99BP0ffPgZihfQ==}

  '@vue/compiler-dom@3.3.9':
    resolution: {integrity: sha512-nfWubTtLXuT4iBeDSZ5J3m218MjOy42Vp2pmKVuBKo2/BLcrFUX8nCSr/bKRFiJ32R8qbdnnnBgRn9AdU5v0Sg==}

  '@vue/compiler-sfc@3.3.9':
    resolution: {integrity: sha512-wy0CNc8z4ihoDzjASCOCsQuzW0A/HP27+0MDSSICMjVIFzk/rFViezkR3dzH+miS2NDEz8ywMdbjO5ylhOLI2A==}

  '@vue/compiler-ssr@3.3.9':
    resolution: {integrity: sha512-NO5oobAw78R0G4SODY5A502MGnDNiDjf6qvhn7zD7TJGc8XDeIEw4fg6JU705jZ/YhuokBKz0A5a/FL/XZU73g==}

  '@vue/reactivity-transform@3.3.9':
    resolution: {integrity: sha512-HnUFm7Ry6dFa4Lp63DAxTixUp8opMtQr6RxQCpDI1vlh12rkGIeYqMvJtK+IKyEfEOa2I9oCkD1mmsPdaGpdVg==}

  '@vue/reactivity@3.3.9':
    resolution: {integrity: sha512-VmpIqlNp+aYDg2X0xQhJqHx9YguOmz2UxuUJDckBdQCNkipJvfk9yA75woLWElCa0Jtyec3lAAt49GO0izsphw==}

  '@vue/runtime-core@3.3.9':
    resolution: {integrity: sha512-xxaG9KvPm3GTRuM4ZyU8Tc+pMVzcu6eeoSRQJ9IE7NmCcClW6z4B3Ij6L4EDl80sxe/arTtQ6YmgiO4UZqRc+w==}

  '@vue/runtime-dom@3.3.9':
    resolution: {integrity: sha512-e7LIfcxYSWbV6BK1wQv9qJyxprC75EvSqF/kQKe6bdZEDNValzeRXEVgiX7AHI6hZ59HA4h7WT5CGvm69vzJTQ==}

  '@vue/server-renderer@3.3.9':
    resolution: {integrity: sha512-w0zT/s5l3Oa3ZjtLW88eO4uV6AQFqU8X5GOgzq7SkQQu6vVr+8tfm+OI2kDBplS/W/XgCBuFXiPw6T5EdwXP0A==}
    peerDependencies:
      vue: 3.3.9

  '@vue/shared@3.3.9':
    resolution: {integrity: sha512-ZE0VTIR0LmYgeyhurPTpy4KzKsuDyQbMSdM49eKkMnT5X4VfFBLysMzjIZhLEFQYjjOVVfbvUDHckwjDFiO2eA==}

  '@webassemblyjs/ast@1.11.6':
    resolution: {integrity: sha512-IN1xI7PwOvLPgjcf180gC1bqn3q/QaOCwYUahIOhbYUu8KA/3tw2RT/T0Gidi1l7Hhj5D/INhJxiICObqpMu4Q==}

  '@webassemblyjs/floating-point-hex-parser@1.11.6':
    resolution: {integrity: sha512-ejAj9hfRJ2XMsNHk/v6Fu2dGS+i4UaXBXGemOfQ/JfQ6mdQg/WXtwleQRLLS4OvfDhv8rYnVwH27YJLMyYsxhw==}

  '@webassemblyjs/helper-api-error@1.11.6':
    resolution: {integrity: sha512-o0YkoP4pVu4rN8aTJgAyj9hC2Sv5UlkzCHhxqWj8butaLvnpdc2jOwh4ewE6CX0txSfLn/UYaV/pheS2Txg//Q==}

  '@webassemblyjs/helper-buffer@1.11.6':
    resolution: {integrity: sha512-z3nFzdcp1mb8nEOFFk8DrYLpHvhKC3grJD2ardfKOzmbmJvEf/tPIqCY+sNcwZIY8ZD7IkB2l7/pqhUhqm7hLA==}

  '@webassemblyjs/helper-numbers@1.11.6':
    resolution: {integrity: sha512-vUIhZ8LZoIWHBohiEObxVm6hwP034jwmc9kuq5GdHZH0wiLVLIPcMCdpJzG4C11cHoQ25TFIQj9kaVADVX7N3g==}

  '@webassemblyjs/helper-wasm-bytecode@1.11.6':
    resolution: {integrity: sha512-sFFHKwcmBprO9e7Icf0+gddyWYDViL8bpPjJJl0WHxCdETktXdmtWLGVzoHbqUcY4Be1LkNfwTmXOJUFZYSJdA==}

  '@webassemblyjs/helper-wasm-section@1.11.6':
    resolution: {integrity: sha512-LPpZbSOwTpEC2cgn4hTydySy1Ke+XEu+ETXuoyvuyezHO3Kjdu90KK95Sh9xTbmjrCsUwvWwCOQQNta37VrS9g==}

  '@webassemblyjs/ieee754@1.11.6':
    resolution: {integrity: sha512-LM4p2csPNvbij6U1f19v6WR56QZ8JcHg3QIJTlSwzFcmx6WSORicYj6I63f9yU1kEUtrpG+kjkiIAkevHpDXrg==}

  '@webassemblyjs/leb128@1.11.6':
    resolution: {integrity: sha512-m7a0FhE67DQXgouf1tbN5XQcdWoNgaAuoULHIfGFIEVKA6tu/edls6XnIlkmS6FrXAquJRPni3ZZKjw6FSPjPQ==}

  '@webassemblyjs/utf8@1.11.6':
    resolution: {integrity: sha512-vtXf2wTQ3+up9Zsg8sa2yWiQpzSsMyXj0qViVP6xKGCUT8p8YJ6HqI7l5eCnWx1T/FYdsv07HQs2wTFbbof/RA==}

  '@webassemblyjs/wasm-edit@1.11.6':
    resolution: {integrity: sha512-Ybn2I6fnfIGuCR+Faaz7YcvtBKxvoLV3Lebn1tM4o/IAJzmi9AWYIPWpyBfU8cC+JxAO57bk4+zdsTjJR+VTOw==}

  '@webassemblyjs/wasm-gen@1.11.6':
    resolution: {integrity: sha512-3XOqkZP/y6B4F0PBAXvI1/bky7GryoogUtfwExeP/v7Nzwo1QLcq5oQmpKlftZLbT+ERUOAZVQjuNVak6UXjPA==}

  '@webassemblyjs/wasm-opt@1.11.6':
    resolution: {integrity: sha512-cOrKuLRE7PCe6AsOVl7WasYf3wbSo4CeOk6PkrjS7g57MFfVUF9u6ysQBBODX0LdgSvQqRiGz3CXvIDKcPNy4g==}

  '@webassemblyjs/wasm-parser@1.11.6':
    resolution: {integrity: sha512-6ZwPeGzMJM3Dqp3hCsLgESxBGtT/OeCvCZ4TA1JUPYgmhAx38tTPR9JaKy0S5H3evQpO/h2uWs2j6Yc/fjkpTQ==}

  '@webassemblyjs/wast-printer@1.11.6':
    resolution: {integrity: sha512-JM7AhRcE+yW2GWYaKeHL5vt4xqee5N2WcezptmgyhNS+ScggqcT1OtXykhAb13Sn5Yas0j2uv9tHgrjwvzAP4A==}

  '@xtuc/ieee754@1.2.0':
    resolution: {integrity: sha512-DX8nKgqcGwsc0eJSqYt5lwP4DH5FlHnmuWWBRy7X0NcaGR0ZtuyeESgMwTYVEtxmsNGY+qit4QYT/MIYTOTPeA==}

  '@xtuc/long@4.2.2':
    resolution: {integrity: sha512-NuHqBY1PB/D8xU6s/thBgOAiAP7HOYDQ32+BFZILJ8ivkUkAHQnWfn6WhL79Owj1qmUnoN/YPhktdIoucipkAQ==}

  acorn-import-assertions@1.9.0:
    resolution: {integrity: sha512-cmMwop9x+8KFhxvKrKfPYmN6/pKTYYHBqLa0DfvVZcKMJWNyWLnaqND7dx/qn66R7ewM1UX5XMaDVP5wlVTaVA==}
    peerDependencies:
      acorn: ^8

  acorn@8.11.2:
    resolution: {integrity: sha512-nc0Axzp/0FILLEVsm4fNwLCwMttvhEI263QtVPQcbpfZZ3ts0hLsZGOpE6czNlid7CJ9MlyH8reXkpsf3YUY4w==}
    engines: {node: '>=0.4.0'}
    hasBin: true

  ajv-keywords@3.5.2:
    resolution: {integrity: sha512-5p6WTN0DdTGVQk6VjcEju19IgaHudalcfabD7yhDGeA6bcQnmL+CpveLJq/3hvfwd1aof6L386Ougkx6RfyMIQ==}
    peerDependencies:
      ajv: ^6.9.1

  ajv@6.12.6:
    resolution: {integrity: sha512-j3fVLgvTo527anyYyJOGTYJbG+vnnQYvE0m5mmkc1TK+nxAppkCLMIL0aZ4dblVCNoGShhm+kzE4ZUykBoMg4g==}

  ansi-escapes@4.3.2:
    resolution: {integrity: sha512-gKXj5ALrKWQLsYG9jlTRmR/xKluxHV+Z9QEwNIgCfM1/uwPMCuzVVnh5mwTd+OuBZcwSIMbqssNWRm1lE51QaQ==}
    engines: {node: '>=8'}

  ansi-styles@4.3.0:
    resolution: {integrity: sha512-zbB9rCJAT1rbjiVDb2hqKFHNYLxgtk8NURxZ3IZwD3F6NtxbXZQCnnSi1Lkx+IDohdPlFp222wVALIheZJQSEg==}
    engines: {node: '>=8'}

  browserslist@4.22.1:
    resolution: {integrity: sha512-FEVc202+2iuClEhZhrWy6ZiAcRLvNMyYcxZ8raemul1DYVOVdFsbqckWLdsixQZCpJlwe77Z3UTalE7jsjnKfQ==}
    engines: {node: ^6 || ^7 || ^8 || ^9 || ^10 || ^11 || ^12 || >=13.7}
    hasBin: true

  buffer-from@1.1.2:
    resolution: {integrity: sha512-E+XQCRwSbaaiChtv6k6Dwgc+bx+Bs6vuKJHHl5kox/BaKbhiXzqQOwK4cO22yElGp2OCmjwVhT3HmxgyPGnJfQ==}

  caniuse-lite@1.0.30001565:
    resolution: {integrity: sha512-xrE//a3O7TP0vaJ8ikzkD2c2NgcVUvsEe2IvFTntV4Yd1Z9FVzh+gW+enX96L0psrbaFMcVcH2l90xNuGDWc8w==}

  chalk@4.1.2:
    resolution: {integrity: sha512-oKnbhFyRIXpUuez8iBMmyEa4nbj4IOQyuhc/wy9kY7/WVPcwIO9VA668Pu8RkO7+0G76SLROeyw9CpQ061i4mA==}
    engines: {node: '>=10'}

  chrome-trace-event@1.0.3:
    resolution: {integrity: sha512-p3KULyQg4S7NIHixdwbGX+nFHkoBiA4YQmyWtjb8XngSKV124nJmRysgAeujbUVb15vh+RvFUfCPqU7rXk+hZg==}
    engines: {node: '>=6.0'}

  color-convert@2.0.1:
    resolution: {integrity: sha512-RRECPsj7iu/xb5oKYcsFHSppFNnsj/52OVTRKb4zP5onXwVF3zVmmToNcOfGC+CRDpfK/U584fMg38ZHCaElKQ==}
    engines: {node: '>=7.0.0'}

  color-name@1.1.4:
    resolution: {integrity: sha512-dOy+3AuW3a2wNbZHIuMZpTcgjGuLU/uBL/ubcZF9OXbDo8ff4O8yVp5Bf0efS8uEoYo5q4Fx7dY9OgQGXgAsQA==}

  commander@2.20.3:
    resolution: {integrity: sha512-GpVkmM8vF2vQUkj2LvZmD35JxeJOLCwJ9cUkugyk2nuhbv3+mJvpLYYt+0+USMxE+oj+ey/lJEnhZw75x/OMcQ==}

  compare-versions@6.0.0-rc.1:
    resolution: {integrity: sha512-cFhkjbGY1jLFWIV7KegECbfuyYPxSGvgGkdkfM+ibboQDoPwg2FRHm5BSNTOApiauRBzJIQH7qvOJs2sW5ueKQ==}

  core-js@3.32.2:
    resolution: {integrity: sha512-pxXSw1mYZPDGvTQqEc5vgIb83jGQKFGYWY76z4a7weZXUolw3G+OvpZqSRcfYOoOVUQJYEPsWeQK8pKEnUtWxQ==}

  core-js@3.33.3:
    resolution: {integrity: sha512-lo0kOocUlLKmm6kv/FswQL8zbkH7mVsLJ/FULClOhv8WRVmKLVcs6XPNQAzstfeJTCHMyButEwG+z1kHxHoDZw==}

  csstype@3.1.2:
    resolution: {integrity: sha512-I7K1Uu0MBPzaFKg4nI5Q7Vs2t+3gWWW648spaF+Rg7pI9ds18Ugn+lvg4SHczUdKlHI5LWBXyqfS8+DufyBsgQ==}

  dayjs@1.11.11:
    resolution: {integrity: sha512-okzr3f11N6WuqYtZSvm+F776mB41wRZMhKP+hc34YdW+KmtYYK9iqvHSwo2k9FEH3fhGXvOPV6yz2IcSrfRUDg==}

  decimal.js@10.4.3:
    resolution: {integrity: sha512-VBBaLc1MgL5XpzgIP7ny5Z6Nx3UrRkIViUkPUdtl9aya5amy3De1gsUUSB1g3+3sExYNjCAsAznmukyxCb1GRA==}

  electron-to-chromium@1.4.601:
    resolution: {integrity: sha512-SpwUMDWe9tQu8JX5QCO1+p/hChAi9AE9UpoC3rcHVc+gdCGlbT3SGb5I1klgb952HRIyvt9wZhSz9bNBYz9swA==}

  enhanced-resolve@5.12.0:
    resolution: {integrity: sha512-QHTXI/sZQmko1cbDoNAa3mJ5qhWUUNAq3vR0/YiD379fWQrcfuoX1+HW2S0MTt7XmoPLapdaDKUtelUSPic7hQ==}
    engines: {node: '>=10.13.0'}

  enhanced-resolve@5.15.0:
    resolution: {integrity: sha512-LXYT42KJ7lpIKECr2mAXIaMldcNCh/7E0KBKOu4KSfkHmP+mZmSs+8V5gBAqisWBy0OO4W5Oyys0GO1Y8KtdKg==}
    engines: {node: '>=10.13.0'}

  es-module-lexer@1.4.1:
    resolution: {integrity: sha512-cXLGjP0c4T3flZJKQSuziYoq7MlT+rnvfZjfp7h+I7K9BNX54kP9nyWvdbwjQ4u1iWbOL4u96fgeZLToQlZC7w==}

  escalade@3.1.1:
    resolution: {integrity: sha512-k0er2gUkLf8O0zKJiAhmkTnJlTvINGv7ygDNPbeIsX/TJjGJZHuh9B2UxbsaEkmlEo9MfhrSzmhIlhRlI2GXnw==}
    engines: {node: '>=6'}

  eslint-scope@5.1.1:
    resolution: {integrity: sha512-2NxwbF/hZ0KpepYN0cNbo+FN6XoK7GaHlQhgx/hIZl6Va0bF45RQOOwhLIy8lQDbuCiadSLCBnH2CFYquit5bw==}
    engines: {node: '>=8.0.0'}

  esrecurse@4.3.0:
    resolution: {integrity: sha512-KmfKL3b6G+RXvP8N1vr3Tq1kL/oCFgn2NYXEtqP8/L3pKapUA4G8cFVaoF3SU323CD4XypR/ffioHmkti6/Tag==}
    engines: {node: '>=4.0'}

  estraverse@4.3.0:
    resolution: {integrity: sha512-39nnKffWz8xN1BU/2c79n9nB9HDzo0niYUqx6xyqUnyoAnQyyWpOTdZEeiCch8BBu515t4wp9ZmgVfVhn9EBpw==}
    engines: {node: '>=4.0'}

  estraverse@5.3.0:
    resolution: {integrity: sha512-MMdARuVEQziNTeJD8DgMqmhwR11BRQ/cBP+pLtYdSTnf3MIO8fFeiINEbX36ZdNlfU/7A9f3gUw49B3oQsvwBA==}
    engines: {node: '>=4.0'}

  estree-walker@2.0.2:
    resolution: {integrity: sha512-Rfkk/Mp/DL7JVje3u18FxFujQlTNR2q6QfMSMB7AvCBx91NGj/ba3kCfza0f6dVDbw7YlRf/nDrn7pQrCCyQ/w==}

  events@3.3.0:
    resolution: {integrity: sha512-mQw+2fkQbALzQ7V0MY0IqdnXNOeTtP4r0lN9z7AAawCXgqea7bDii20AYrIBrFd/Hx0M2Ocz6S111CaFkUcb0Q==}
    engines: {node: '>=0.8.x'}

  fast-decode-uri-component@1.0.1:
    resolution: {integrity: sha512-WKgKWg5eUxvRZGwW8FvfbaH7AXSh2cL+3j5fMGzUMCxWBJ3dV3a7Wz8y2f/uQ0e3B6WmodD3oS54jTQ9HVTIIg==}

  fast-deep-equal@3.1.3:
    resolution: {integrity: sha512-f3qQ9oQy9j2AhBe/H9VC91wLmKBCCU/gDOnKNAYG5hswO7BLKj09Hc5HYNz9cGI++xlpDCIgDaitVs03ATR84Q==}

  fast-json-stable-stringify@2.1.0:
    resolution: {integrity: sha512-lhd/wF+Lk98HZoTCtlVraHtfh5XYijIjalXck7saUtuanSDyLMxnHhSXEDJqHxD7msR8D0uCmqlkwjCV8xvwHw==}

  fast-querystring@1.1.2:
    resolution: {integrity: sha512-g6KuKWmFXc0fID8WWH0jit4g0AGBoJhCkJMb1RmbsSEUNvQ+ZC8D6CUZ+GtF8nMzSPXnhiePyyqqipzNNEnHjg==}

  glob-to-regexp@0.4.1:
    resolution: {integrity: sha512-lkX1HJXwyMcprw/5YUZc2s7DrpAiHB21/V+E1rHUrVNokkvB6bqMzT0VfV6/86ZNabt1k14YOIaT7nDvOX3Iiw==}

  graceful-fs@4.2.10:
    resolution: {integrity: sha512-9ByhssR2fPVsNZj478qUUbKfmL0+t5BDVyjShtyZZLiK7ZDAArFFfopyOTj0M05wE2tJPisA4iTnnXl2YoPvOA==}

  graceful-fs@4.2.11:
    resolution: {integrity: sha512-RbJ5/jmFcNNCcDV5o9eTnBLJ/HszWV0P73bc+Ff4nS/rJj+YaS6IGyiOL0VoBYX+l1Wrl3k63h/KrH+nhJ0XvQ==}

  has-flag@4.0.0:
    resolution: {integrity: sha512-EykJT/Q1KjTWctppgIAgfSO0tKVuZUjhgMr17kqTumMl6Afv3EISleU7qZUzoXDFTAHTDC4NOoG/ZxU3EvlMPQ==}
    engines: {node: '>=8'}

  hash-sum@2.0.0:
    resolution: {integrity: sha512-WdZTbAByD+pHfl/g9QSsBIIwy8IT+EsPiKDs0KNX+zSHhdDLFKdZu0BQHljvO+0QI/BasbMSUa8wYNCZTvhslg==}

  html-rspack-plugin@5.5.7:
    resolution: {integrity: sha512-7dNAURj9XBHWoYg59F8VU6hT7J7w+od4Lr5hc/rrgN6sy6QfqVpoPqW9Qw4IGFOgit8Pul7iQp1yysBSIhOlsg==}
    engines: {node: '>=10.13.0'}

  jest-worker@27.5.1:
    resolution: {integrity: sha512-7vuh85V5cdDofPyxn58nrPjBktZo0u9x1g8WtjQol+jZDaE+fhN+cIvTj11GndBnMnyfrUOG1sZQxCdjKh+DKg==}
    engines: {node: '>= 10.13.0'}

  json-parse-even-better-errors@2.3.1:
    resolution: {integrity: sha512-xyFwyhro/JEof6Ghe2iz2NcXoj2sloNsWr/XsERDK/oiPCfaNhl5ONfp+jQdAZRQQ0IJWNzH9zIZF7li91kh2w==}

  json-parse-even-better-errors@3.0.1:
    resolution: {integrity: sha512-aatBvbL26wVUCLmbWdCpeu9iF5wOyWpagiKkInA+kfws3sWdBrTnsvN2CKcyCYyUrc7rebNBlK6+kteg7ksecg==}
    engines: {node: ^14.17.0 || ^16.13.0 || >=18.0.0}

  json-schema-traverse@0.4.1:
    resolution: {integrity: sha512-xbbCH5dCYU5T8LcEhhuh7HJ88HXuW3qsI3Y0zOZFKfZEHcpWiHU/Jxzk629Brsab/mMiHQti9wMP+845RPe3Vg==}

  levdist@1.0.0:
    resolution: {integrity: sha512-YguwC2spb0pqpJM3a5OsBhih/GG2ZHoaSHnmBqhEI7997a36buhqcRTegEjozHxyxByIwLpZHZTVYMThq+Zd3g==}

  line-diff@2.1.1:
    resolution: {integrity: sha512-vswdynAI5AMPJacOo2o+JJ4caDJbnY2NEqms4MhMW0NJbjh3skP/brpVTAgBxrg55NRZ2Vtw88ef18hnagIpYQ==}

  loader-runner@4.3.0:
    resolution: {integrity: sha512-3R/1M+yS3j5ou80Me59j7F9IMs4PXs3VqRrm0TU3AbKPxlmpoY1TNscJV/oGJXo8qCatFGTfDbY6W6ipGOYXfg==}
    engines: {node: '>=6.11.5'}

  lodash@4.17.21:
    resolution: {integrity: sha512-v2kDEe57lecTulaDIuNTPy3Ry4gLGJ6Z1O3vE1krgXZNrsQ+LFTGHVxVjcXPs17LhbZVGedAJv8XZ1tvj5FvSg==}

  magic-string@0.30.5:
    resolution: {integrity: sha512-7xlpfBaQaP/T6Vh8MO/EqXSW5En6INHEvEXQiuff7Gku0PWjU3uf6w/j9o7O+SpB5fOAkrI5HeoNgwjEO0pFsA==}
    engines: {node: '>=12'}

  merge-stream@2.0.0:
    resolution: {integrity: sha512-abv/qOcuPfk3URPfDzmZU1LKmuw8kT+0nIHvKrKgFrwifol/doWcdA4ZqsWQ8ENrFKkd67Mfpo/LovbIUsbt3w==}

  mime-db@1.52.0:
    resolution: {integrity: sha512-sPU4uV7dYlvtWJxwwxHD0PuihVNiE7TyAbQ5SWxDCB9mUYvOgroQOwYQQOKPJ8CIbE+1ETVlOoK1UC2nU3gYvg==}
    engines: {node: '>= 0.6'}

  mime-types@2.1.35:
    resolution: {integrity: sha512-ZDY+bPm5zTTF+YpCrAU9nK0UgICYPT0QtT1NZWFv4s++TNkcgVaT0g6+4R2uI4MjQjzysHB1zxuWL50hzaeXiw==}
    engines: {node: '>= 0.6'}

  nanoid@3.3.7:
    resolution: {integrity: sha512-eSRppjcPIatRIMC1U6UngP8XFcz8MQWGQdt1MTBQ7NaAmvXDfvNxbvWV3x2y6CdEUciCSsDHDQZbhYaB8QEo2g==}
    engines: {node: ^10 || ^12 || ^13.7 || ^14 || >=15.0.1}
    hasBin: true

  neo-async@2.6.2:
    resolution: {integrity: sha512-Yd3UES5mWCSqR+qNT93S3UoYUkqAZ9lLg8a7g9rimsWmYGK8cVToA4/sF3RrshdyV3sAGMXVUmpMYOw+dLpOuw==}

  node-releases@2.0.14:
    resolution: {integrity: sha512-y10wOWt8yZpqXmOgRo77WaHEmhYQYGNA6y421PKsKYWEK8aW+cqAphborZDhqfyKrbZEN92CN1X2KbafY2s7Yw==}

  picocolors@1.0.0:
    resolution: {integrity: sha512-1fygroTLlHu66zi26VoTDv8yRgm0Fccecssto+MhsZ0D/DGW2sm8E8AjW7NU5VVTRt5GxbeZ5qBuJr+HyLYkjQ==}

  postcss@8.4.31:
    resolution: {integrity: sha512-PS08Iboia9mts/2ygV3eLpY5ghnUcfLV/EXTOW1E2qYxJKGGBUtNjN76FYHnMs36RmARn41bC0AZmn+rR0OVpQ==}
    engines: {node: ^10 || ^12 || >=14}

  postcss@8.4.32:
    resolution: {integrity: sha512-D/kj5JNu6oo2EIy+XL/26JEDTlIbB8hw85G8StOE6L74RQAVVP5rej6wxCNqyMbR4RkPfqvezVbPw81Ngd6Kcw==}
    engines: {node: ^10 || ^12 || >=14}

  punycode@2.3.1:
    resolution: {integrity: sha512-vYt7UD1U9Wg6138shLtLOvdAu+8DsC/ilFtEVHcH+wydcSpNE20AfSOduf6MkRFahL5FY7X1oU7nKVZFtfq8Fg==}
    engines: {node: '>=6'}

  randombytes@2.1.0:
    resolution: {integrity: sha512-vYl3iOX+4CKUWuxGi9Ukhie6fsqXqS9FE2Zaic4tNFD2N2QQaXOMFbuKK4QmDHC0JO6B1Zp41J0LpT0oR68amQ==}

  react-refresh@0.14.0:
    resolution: {integrity: sha512-wViHqhAd8OHeLS/IRMJjTSDHF3U9eWi62F/MledQGPdJGDhodXJ9PBLNGr6WWL7qlH12Mt3TyTpbS+hGXMjCzQ==}
    engines: {node: '>=0.10.0'}

  safe-buffer@5.2.1:
    resolution: {integrity: sha512-rp3So07KcdmmKbGvgaNxQSJr7bGVSVk5S9Eq1F+ppbRo70+YeaDxkw5Dd8NPN+GD6bjnYm2VuPuCXmpuYvmCXQ==}

  schema-utils@3.3.0:
    resolution: {integrity: sha512-pN/yOAvcC+5rQ5nERGuwrjLlYvLTbCibnZ1I7B1LaiAz9BRBlE9GMgE/eqV30P7aJQUf7Ddimy/RsbYO/GrVGg==}
    engines: {node: '>= 10.13.0'}

  serialize-javascript@6.0.1:
    resolution: {integrity: sha512-owoXEFjWRllis8/M1Q+Cw5k8ZH40e3zhp/ovX+Xr/vi1qj6QesbyXXViFbpNvWvPNAD62SutwEXavefrLJWj7w==}

  source-map-js@1.0.2:
    resolution: {integrity: sha512-R0XvVJ9WusLiqTCEiGCmICCMplcCkIwwR11mOSD9CR5u+IXYdiseeEuXCVAjS54zqwkLcPNnmU4OeJ6tUrWhDw==}
    engines: {node: '>=0.10.0'}

  source-map-support@0.5.21:
    resolution: {integrity: sha512-uBHU3L3czsIyYXKX88fdrGovxdSCoTGDRZ6SYXtSRxLZUzHg5P/66Ht6uoUlHu9EZod+inXhKo3qQgwXUT/y1w==}

  source-map@0.6.1:
    resolution: {integrity: sha512-UjgapumWlbMhkBgzT7Ykc5YXUT46F0iKu8SGXq0bcwP5dz/h0Plj6enJqjz1Zbq2l5WaqYnrVbwWOWMyF3F47g==}
    engines: {node: '>=0.10.0'}

  supports-color@7.2.0:
    resolution: {integrity: sha512-qpCAvRl9stuOHveKsn7HncJRvv501qIacKzQlO/+Lwxc9+0q2wLyv4Dfvt80/DPn2pqOBsJdDiogXGR9+OvwRw==}
    engines: {node: '>=8'}

  supports-color@8.1.1:
    resolution: {integrity: sha512-MpUEN2OodtUzxvKQl72cUF7RQ5EiHsGvSsVG0ia9c5RbWGL2CI4C7EpPS8UTBIplnlzZiNuV56w+FuNxy3ty2Q==}
    engines: {node: '>=10'}

  supports-hyperlinks@2.3.0:
    resolution: {integrity: sha512-RpsAZlpWcDwOPQA22aCH4J0t7L8JmAvsCxfOSEwm7cQs3LshN36QaTkwd70DnBOXDWGssw2eUoc8CaRWT0XunA==}
    engines: {node: '>=8'}

  tapable@2.2.1:
    resolution: {integrity: sha512-GNzQvQTOIP6RyTfE2Qxb8ZVlNmw0n88vp1szwWRimP02mnTsx3Wtn5qRdqY9w2XduFNUgvOwhNnQsjwCp+kqaQ==}
    engines: {node: '>=6'}

  terminal-link@2.1.1:
    resolution: {integrity: sha512-un0FmiRUQNr5PJqy9kP7c40F5BOfpGlYTrxonDChEZB7pzZxRNp/bt+ymiy9/npwXya9KH99nJ/GXFIiUkYGFQ==}
    engines: {node: '>=8'}

  terser-webpack-plugin@5.3.9:
    resolution: {integrity: sha512-ZuXsqE07EcggTWQjXUj+Aot/OMcD0bMKGgF63f7UxYcu5/AJF53aIpK1YoP5xR9l6s/Hy2b+t1AM0bLNPRuhwA==}
    engines: {node: '>= 10.13.0'}
    peerDependencies:
      '@swc/core': '*'
      esbuild: '*'
      uglify-js: '*'
      webpack: ^5.1.0
    peerDependenciesMeta:
      '@swc/core':
        optional: true
      esbuild:
        optional: true
      uglify-js:
        optional: true

  terser@5.24.0:
    resolution: {integrity: sha512-ZpGR4Hy3+wBEzVEnHvstMvqpD/nABNelQn/z2r0fjVWGQsN3bpOLzQlqDxmb4CDZnXq5lpjnQ+mHQLAOpfM5iw==}
    engines: {node: '>=10'}
    hasBin: true

  to-fast-properties@2.0.0:
    resolution: {integrity: sha512-/OaKK0xYrs3DmxRYqL/yDc+FxFUVYhDlXMhRmv3z915w2HF1tnN1omB354j8VUGO/hbRzyD6Y3sA7v7GS/ceog==}
    engines: {node: '>=4'}

  tslib@2.6.2:
    resolution: {integrity: sha512-AEYxH93jGFPn/a2iVAwW87VuUIkR1FVUKB77NwMF7nBTDkDrrT/Hpt/IrCJ0QXhW27jTBDcf5ZY7w6RiqTMw2Q==}

  type-fest@0.21.3:
    resolution: {integrity: sha512-t0rzBq87m3fVcduHDUFhKmyyX+9eo6WQjZvf51Ea/M0Q7+T374Jp1aUiyUl0GKxp8M/OETVHSDvmkyPgvX+X2w==}
    engines: {node: '>=10'}

  typescript@5.3.2:
    resolution: {integrity: sha512-6l+RyNy7oAHDfxC4FzSJcz9vnjTKxrLpDG5M2Vu4SHRVNg6xzqZp6LYSR9zjqQTu8DU/f5xwxUdADOkbrIX2gQ==}
    engines: {node: '>=14.17'}
    hasBin: true

  undici-types@5.26.5:
    resolution: {integrity: sha512-JlCMO+ehdEIKqlFxk6IfVoAUVmgz7cU7zD/h9XZ0qzeosSHmUJVOzSQvvYSYWXkFXC+IfLKSIffhv0sVZup6pA==}

  update-browserslist-db@1.0.13:
    resolution: {integrity: sha512-xebP81SNcPuNpPP3uzeW1NYXxI3rxyJzF3pD6sH4jE7o/IX+WtSpwnVU+qIsDPyk0d3hmFQ7mjqc6AtV604hbg==}
    hasBin: true
    peerDependencies:
      browserslist: '>= 4.21.0'

  uri-js@4.4.1:
    resolution: {integrity: sha512-7rKUyy33Q1yc98pQ1DAmLtwX109F7TIfWlW1Ydo8Wl1ii1SeHieeh0HHfPeL2fMXK6z0s8ecKs9frCuLJvndBg==}

  vue-loader@17.3.1:
    resolution: {integrity: sha512-nmVu7KU8geOyzsStyyaxID/uBGDMS8BkPXb6Lu2SNkMawriIbb+hYrNtgftHMKxOSkjjjTF5OSSwPo3KP59egg==}
    peerDependencies:
      '@vue/compiler-sfc': '*'
      vue: '*'
      webpack: ^4.1.0 || ^5.0.0-0
    peerDependenciesMeta:
      '@vue/compiler-sfc':
        optional: true
      vue:
        optional: true

  vue@3.3.9:
    resolution: {integrity: sha512-sy5sLCTR8m6tvUk1/ijri3Yqzgpdsmxgj6n6yl7GXXCXqVbmW2RCXe9atE4cEI6Iv7L89v5f35fZRRr5dChP9w==}
    peerDependencies:
      typescript: '*'
    peerDependenciesMeta:
      typescript:
        optional: true

  watchpack@2.4.0:
    resolution: {integrity: sha512-Lcvm7MGST/4fup+ifyKi2hjyIAwcdI4HRgtvTpIUxBRhB+RFtUh8XtDOxUfctVCnhVi+QQj49i91OyvzkJl6cg==}
    engines: {node: '>=10.13.0'}

  webpack-sources@3.2.3:
    resolution: {integrity: sha512-/DyMEOrDgLKKIG0fmvtz+4dUX/3Ghozwgm6iPp8KRhvn+eQf9+Q7GWxVNMk3+uCPWfdXYC4ExGBckIXdFEfH1w==}
    engines: {node: '>=10.13.0'}

  webpack@5.89.0:
    resolution: {integrity: sha512-qyfIC10pOr70V+jkmud8tMfajraGCZMBWJtrmuBymQKCrLTRejBI8STDp1MCyZu/QTdZSeacCQYpYNQVOzX5kw==}
    engines: {node: '>=10.13.0'}
    hasBin: true
    peerDependencies:
      webpack-cli: '*'
    peerDependenciesMeta:
      webpack-cli:
        optional: true

  zod-validation-error@1.3.1:
    resolution: {integrity: sha512-cNEXpla+tREtNdAnNKY4xKY1SGOn2yzyuZMu4O0RQylX9apRpUjNcPkEc3uHIAr5Ct7LenjZt6RzjEH6+JsqVQ==}
    engines: {node: '>=16.0.0'}
    peerDependencies:
      zod: ^3.18.0

  zod@3.22.4:
    resolution: {integrity: sha512-iC+8Io04lddc+mVqQ9AZ7OQ2MrUKGN+oIQyq1vemgt46jwCwLfhq7/pwnBnNXXXZb8VTVLKwp9EDkx+ryxIWmg==}

snapshots:

  '@babel/helper-string-parser@7.23.4': {}

  '@babel/helper-validator-identifier@7.22.20': {}

  '@babel/parser@7.23.5':
    dependencies:
      '@babel/types': 7.23.5

  '@babel/types@7.23.5':
    dependencies:
      '@babel/helper-string-parser': 7.23.4
      '@babel/helper-validator-identifier': 7.22.20
      to-fast-properties: 2.0.0

  '@jridgewell/gen-mapping@0.3.3':
    dependencies:
      '@jridgewell/set-array': 1.1.2
      '@jridgewell/sourcemap-codec': 1.4.15
      '@jridgewell/trace-mapping': 0.3.20

  '@jridgewell/resolve-uri@3.1.1': {}

  '@jridgewell/set-array@1.1.2': {}

  '@jridgewell/source-map@0.3.5':
    dependencies:
      '@jridgewell/gen-mapping': 0.3.3
      '@jridgewell/trace-mapping': 0.3.20

  '@jridgewell/sourcemap-codec@1.4.15': {}

  '@jridgewell/trace-mapping@0.3.20':
    dependencies:
      '@jridgewell/resolve-uri': 3.1.1
      '@jridgewell/sourcemap-codec': 1.4.15

  '@popperjs/core@2.11.8': {}

  '@rsbuild/core@0.1.7':
    dependencies:
      '@rsbuild/shared': 0.1.7
      '@rspack/core': 0.4.1
      core-js: 3.32.2
      html-webpack-plugin: html-rspack-plugin@5.5.7
      postcss: 8.4.31

  '@rsbuild/plugin-vue@0.1.7(@rsbuild/core@0.1.7)(vue@3.3.9(typescript@5.3.2))':
    dependencies:
      '@rsbuild/core': 0.1.7
      '@rsbuild/shared': 0.1.7
      vue-loader: 17.3.1(vue@3.3.9(typescript@5.3.2))(webpack@5.89.0)
      webpack: 5.89.0
    transitivePeerDependencies:
      - '@swc/core'
      - '@vue/compiler-sfc'
      - esbuild
      - uglify-js
      - vue
      - webpack-cli

  '@rsbuild/shared@0.1.7':
    dependencies:
      '@rspack/core': 0.4.1
      caniuse-lite: 1.0.30001565
      line-diff: 2.1.1
      lodash: 4.17.21
      postcss: 8.4.31

  '@rspack/binding-darwin-arm64@0.4.1':
    optional: true

  '@rspack/binding-darwin-x64@0.4.1':
    optional: true

  '@rspack/binding-linux-arm64-gnu@0.4.1':
    optional: true

  '@rspack/binding-linux-arm64-musl@0.4.1':
    optional: true

  '@rspack/binding-linux-x64-gnu@0.4.1':
    optional: true

  '@rspack/binding-linux-x64-musl@0.4.1':
    optional: true

  '@rspack/binding-win32-arm64-msvc@0.4.1':
    optional: true

  '@rspack/binding-win32-ia32-msvc@0.4.1':
    optional: true

  '@rspack/binding-win32-x64-msvc@0.4.1':
    optional: true

  '@rspack/binding@0.4.1':
    optionalDependencies:
      '@rspack/binding-darwin-arm64': 0.4.1
      '@rspack/binding-darwin-x64': 0.4.1
      '@rspack/binding-linux-arm64-gnu': 0.4.1
      '@rspack/binding-linux-arm64-musl': 0.4.1
      '@rspack/binding-linux-x64-gnu': 0.4.1
      '@rspack/binding-linux-x64-musl': 0.4.1
      '@rspack/binding-win32-arm64-msvc': 0.4.1
      '@rspack/binding-win32-ia32-msvc': 0.4.1
      '@rspack/binding-win32-x64-msvc': 0.4.1

  '@rspack/core@0.4.1':
    dependencies:
      '@rspack/binding': 0.4.1
      '@swc/helpers': 0.5.1
      browserslist: 4.22.1
      compare-versions: 6.0.0-rc.1
      enhanced-resolve: 5.12.0
      fast-querystring: 1.1.2
      graceful-fs: 4.2.10
      json-parse-even-better-errors: 3.0.1
      neo-async: 2.6.2
      react-refresh: 0.14.0
      tapable: 2.2.1
      terminal-link: 2.1.1
      watchpack: 2.4.0
      webpack-sources: 3.2.3
      zod: 3.22.4
      zod-validation-error: 1.3.1(zod@3.22.4)

  '@swc/helpers@0.5.1':
    dependencies:
      tslib: 2.6.2

  '@types/eslint-scope@3.7.7':
    dependencies:
      '@types/eslint': 8.44.8
      '@types/estree': 1.0.5

  '@types/eslint@8.44.8':
    dependencies:
      '@types/estree': 1.0.5
      '@types/json-schema': 7.0.15

  '@types/estree@1.0.5': {}

  '@types/json-schema@7.0.15': {}

  '@types/node@20.10.2':
    dependencies:
      undici-types: 5.26.5

  '@varlet/icons@3.2.14': {}

  '@varlet/shared@3.2.14': {}

  '@varlet/touch-emulator@3.2.14': {}

  '@varlet/ui@3.2.14(vue@3.3.9(typescript@5.3.2))':
    dependencies:
      '@popperjs/core': 2.11.8
      '@varlet/icons': 3.2.14
      '@varlet/shared': 3.2.14
      '@varlet/use': 3.2.14(vue@3.3.9(typescript@5.3.2))
      dayjs: 1.11.11
      decimal.js: 10.4.3
      vue: 3.3.9(typescript@5.3.2)

  '@varlet/use@3.2.14(vue@3.3.9(typescript@5.3.2))':
    dependencies:
      '@varlet/shared': 3.2.14
      vue: 3.3.9(typescript@5.3.2)

  '@vue/compiler-core@3.3.9':
    dependencies:
      '@babel/parser': 7.23.5
      '@vue/shared': 3.3.9
      estree-walker: 2.0.2
      source-map-js: 1.0.2

  '@vue/compiler-dom@3.3.9':
    dependencies:
      '@vue/compiler-core': 3.3.9
      '@vue/shared': 3.3.9

  '@vue/compiler-sfc@3.3.9':
    dependencies:
      '@babel/parser': 7.23.5
      '@vue/compiler-core': 3.3.9
      '@vue/compiler-dom': 3.3.9
      '@vue/compiler-ssr': 3.3.9
      '@vue/reactivity-transform': 3.3.9
      '@vue/shared': 3.3.9
      estree-walker: 2.0.2
      magic-string: 0.30.5
      postcss: 8.4.32
      source-map-js: 1.0.2

  '@vue/compiler-ssr@3.3.9':
    dependencies:
      '@vue/compiler-dom': 3.3.9
      '@vue/shared': 3.3.9

  '@vue/reactivity-transform@3.3.9':
    dependencies:
      '@babel/parser': 7.23.5
      '@vue/compiler-core': 3.3.9
      '@vue/shared': 3.3.9
      estree-walker: 2.0.2
      magic-string: 0.30.5

  '@vue/reactivity@3.3.9':
    dependencies:
      '@vue/shared': 3.3.9

  '@vue/runtime-core@3.3.9':
    dependencies:
      '@vue/reactivity': 3.3.9
      '@vue/shared': 3.3.9

  '@vue/runtime-dom@3.3.9':
    dependencies:
      '@vue/runtime-core': 3.3.9
      '@vue/shared': 3.3.9
      csstype: 3.1.2

  '@vue/server-renderer@3.3.9(vue@3.3.9(typescript@5.3.2))':
    dependencies:
      '@vue/compiler-ssr': 3.3.9
      '@vue/shared': 3.3.9
      vue: 3.3.9(typescript@5.3.2)

  '@vue/shared@3.3.9': {}

  '@webassemblyjs/ast@1.11.6':
    dependencies:
      '@webassemblyjs/helper-numbers': 1.11.6
      '@webassemblyjs/helper-wasm-bytecode': 1.11.6

  '@webassemblyjs/floating-point-hex-parser@1.11.6': {}

  '@webassemblyjs/helper-api-error@1.11.6': {}

  '@webassemblyjs/helper-buffer@1.11.6': {}

  '@webassemblyjs/helper-numbers@1.11.6':
    dependencies:
      '@webassemblyjs/floating-point-hex-parser': 1.11.6
      '@webassemblyjs/helper-api-error': 1.11.6
      '@xtuc/long': 4.2.2

  '@webassemblyjs/helper-wasm-bytecode@1.11.6': {}

  '@webassemblyjs/helper-wasm-section@1.11.6':
    dependencies:
      '@webassemblyjs/ast': 1.11.6
      '@webassemblyjs/helper-buffer': 1.11.6
      '@webassemblyjs/helper-wasm-bytecode': 1.11.6
      '@webassemblyjs/wasm-gen': 1.11.6

  '@webassemblyjs/ieee754@1.11.6':
    dependencies:
      '@xtuc/ieee754': 1.2.0

  '@webassemblyjs/leb128@1.11.6':
    dependencies:
      '@xtuc/long': 4.2.2

  '@webassemblyjs/utf8@1.11.6': {}

  '@webassemblyjs/wasm-edit@1.11.6':
    dependencies:
      '@webassemblyjs/ast': 1.11.6
      '@webassemblyjs/helper-buffer': 1.11.6
      '@webassemblyjs/helper-wasm-bytecode': 1.11.6
      '@webassemblyjs/helper-wasm-section': 1.11.6
      '@webassemblyjs/wasm-gen': 1.11.6
      '@webassemblyjs/wasm-opt': 1.11.6
      '@webassemblyjs/wasm-parser': 1.11.6
      '@webassemblyjs/wast-printer': 1.11.6

  '@webassemblyjs/wasm-gen@1.11.6':
    dependencies:
      '@webassemblyjs/ast': 1.11.6
      '@webassemblyjs/helper-wasm-bytecode': 1.11.6
      '@webassemblyjs/ieee754': 1.11.6
      '@webassemblyjs/leb128': 1.11.6
      '@webassemblyjs/utf8': 1.11.6

  '@webassemblyjs/wasm-opt@1.11.6':
    dependencies:
      '@webassemblyjs/ast': 1.11.6
      '@webassemblyjs/helper-buffer': 1.11.6
      '@webassemblyjs/wasm-gen': 1.11.6
      '@webassemblyjs/wasm-parser': 1.11.6

  '@webassemblyjs/wasm-parser@1.11.6':
    dependencies:
      '@webassemblyjs/ast': 1.11.6
      '@webassemblyjs/helper-api-error': 1.11.6
      '@webassemblyjs/helper-wasm-bytecode': 1.11.6
      '@webassemblyjs/ieee754': 1.11.6
      '@webassemblyjs/leb128': 1.11.6
      '@webassemblyjs/utf8': 1.11.6

  '@webassemblyjs/wast-printer@1.11.6':
    dependencies:
      '@webassemblyjs/ast': 1.11.6
      '@xtuc/long': 4.2.2

  '@xtuc/ieee754@1.2.0': {}

  '@xtuc/long@4.2.2': {}

  acorn-import-assertions@1.9.0(acorn@8.11.2):
    dependencies:
      acorn: 8.11.2

  acorn@8.11.2: {}

  ajv-keywords@3.5.2(ajv@6.12.6):
    dependencies:
      ajv: 6.12.6

  ajv@6.12.6:
    dependencies:
      fast-deep-equal: 3.1.3
      fast-json-stable-stringify: 2.1.0
      json-schema-traverse: 0.4.1
      uri-js: 4.4.1

  ansi-escapes@4.3.2:
    dependencies:
      type-fest: 0.21.3

  ansi-styles@4.3.0:
    dependencies:
      color-convert: 2.0.1

  browserslist@4.22.1:
    dependencies:
      caniuse-lite: 1.0.30001565
      electron-to-chromium: 1.4.601
      node-releases: 2.0.14
      update-browserslist-db: 1.0.13(browserslist@4.22.1)

  buffer-from@1.1.2: {}

  caniuse-lite@1.0.30001565: {}

  chalk@4.1.2:
    dependencies:
      ansi-styles: 4.3.0
      supports-color: 7.2.0

  chrome-trace-event@1.0.3: {}

  color-convert@2.0.1:
    dependencies:
      color-name: 1.1.4

  color-name@1.1.4: {}

  commander@2.20.3: {}

  compare-versions@6.0.0-rc.1: {}

  core-js@3.32.2: {}

  core-js@3.33.3: {}

  csstype@3.1.2: {}

  dayjs@1.11.11: {}

  decimal.js@10.4.3: {}

  electron-to-chromium@1.4.601: {}

  enhanced-resolve@5.12.0:
    dependencies:
      graceful-fs: 4.2.10
      tapable: 2.2.1

  enhanced-resolve@5.15.0:
    dependencies:
      graceful-fs: 4.2.11
      tapable: 2.2.1

  es-module-lexer@1.4.1: {}

  escalade@3.1.1: {}

  eslint-scope@5.1.1:
    dependencies:
      esrecurse: 4.3.0
      estraverse: 4.3.0

  esrecurse@4.3.0:
    dependencies:
      estraverse: 5.3.0

  estraverse@4.3.0: {}

  estraverse@5.3.0: {}

  estree-walker@2.0.2: {}

  events@3.3.0: {}

  fast-decode-uri-component@1.0.1: {}

  fast-deep-equal@3.1.3: {}

  fast-json-stable-stringify@2.1.0: {}

  fast-querystring@1.1.2:
    dependencies:
      fast-decode-uri-component: 1.0.1

  glob-to-regexp@0.4.1: {}

  graceful-fs@4.2.10: {}

  graceful-fs@4.2.11: {}

  has-flag@4.0.0: {}

  hash-sum@2.0.0: {}

  html-rspack-plugin@5.5.7:
    dependencies:
      lodash: 4.17.21
      tapable: 2.2.1

  jest-worker@27.5.1:
    dependencies:
      '@types/node': 20.10.2
      merge-stream: 2.0.0
      supports-color: 8.1.1

  json-parse-even-better-errors@2.3.1: {}

  json-parse-even-better-errors@3.0.1: {}

  json-schema-traverse@0.4.1: {}

  levdist@1.0.0: {}

  line-diff@2.1.1:
    dependencies:
      levdist: 1.0.0

  loader-runner@4.3.0: {}

  lodash@4.17.21: {}

  magic-string@0.30.5:
    dependencies:
      '@jridgewell/sourcemap-codec': 1.4.15

  merge-stream@2.0.0: {}

  mime-db@1.52.0: {}

  mime-types@2.1.35:
    dependencies:
      mime-db: 1.52.0

  nanoid@3.3.7: {}

  neo-async@2.6.2: {}

  node-releases@2.0.14: {}

  picocolors@1.0.0: {}

  postcss@8.4.31:
    dependencies:
      nanoid: 3.3.7
      picocolors: 1.0.0
      source-map-js: 1.0.2

  postcss@8.4.32:
    dependencies:
      nanoid: 3.3.7
      picocolors: 1.0.0
      source-map-js: 1.0.2

  punycode@2.3.1: {}

  randombytes@2.1.0:
    dependencies:
      safe-buffer: 5.2.1

  react-refresh@0.14.0: {}

  safe-buffer@5.2.1: {}

  schema-utils@3.3.0:
    dependencies:
      '@types/json-schema': 7.0.15
      ajv: 6.12.6
      ajv-keywords: 3.5.2(ajv@6.12.6)

  serialize-javascript@6.0.1:
    dependencies:
      randombytes: 2.1.0

  source-map-js@1.0.2: {}

  source-map-support@0.5.21:
    dependencies:
      buffer-from: 1.1.2
      source-map: 0.6.1

  source-map@0.6.1: {}

  supports-color@7.2.0:
    dependencies:
      has-flag: 4.0.0

  supports-color@8.1.1:
    dependencies:
      has-flag: 4.0.0

  supports-hyperlinks@2.3.0:
    dependencies:
      has-flag: 4.0.0
      supports-color: 7.2.0

  tapable@2.2.1: {}

  terminal-link@2.1.1:
    dependencies:
      ansi-escapes: 4.3.2
      supports-hyperlinks: 2.3.0

  terser-webpack-plugin@5.3.9(webpack@5.89.0):
    dependencies:
      '@jridgewell/trace-mapping': 0.3.20
      jest-worker: 27.5.1
      schema-utils: 3.3.0
      serialize-javascript: 6.0.1
      terser: 5.24.0
      webpack: 5.89.0

  terser@5.24.0:
    dependencies:
      '@jridgewell/source-map': 0.3.5
      acorn: 8.11.2
      commander: 2.20.3
      source-map-support: 0.5.21

  to-fast-properties@2.0.0: {}

  tslib@2.6.2: {}

  type-fest@0.21.3: {}

  typescript@5.3.2: {}

  undici-types@5.26.5: {}

  update-browserslist-db@1.0.13(browserslist@4.22.1):
    dependencies:
      browserslist: 4.22.1
      escalade: 3.1.1
      picocolors: 1.0.0

  uri-js@4.4.1:
    dependencies:
      punycode: 2.3.1

  vue-loader@17.3.1(vue@3.3.9(typescript@5.3.2))(webpack@5.89.0):
    dependencies:
      chalk: 4.1.2
      hash-sum: 2.0.0
      watchpack: 2.4.0
      webpack: 5.89.0
    optionalDependencies:
      vue: 3.3.9(typescript@5.3.2)

  vue@3.3.9(typescript@5.3.2):
    dependencies:
      '@vue/compiler-dom': 3.3.9
      '@vue/compiler-sfc': 3.3.9
      '@vue/runtime-dom': 3.3.9
      '@vue/server-renderer': 3.3.9(vue@3.3.9(typescript@5.3.2))
      '@vue/shared': 3.3.9
    optionalDependencies:
      typescript: 5.3.2

  watchpack@2.4.0:
    dependencies:
      glob-to-regexp: 0.4.1
      graceful-fs: 4.2.10

  webpack-sources@3.2.3: {}

  webpack@5.89.0:
    dependencies:
      '@types/eslint-scope': 3.7.7
      '@types/estree': 1.0.5
      '@webassemblyjs/ast': 1.11.6
      '@webassemblyjs/wasm-edit': 1.11.6
      '@webassemblyjs/wasm-parser': 1.11.6
      acorn: 8.11.2
      acorn-import-assertions: 1.9.0(acorn@8.11.2)
      browserslist: 4.22.1
      chrome-trace-event: 1.0.3
      enhanced-resolve: 5.15.0
      es-module-lexer: 1.4.1
      eslint-scope: 5.1.1
      events: 3.3.0
      glob-to-regexp: 0.4.1
      graceful-fs: 4.2.11
      json-parse-even-better-errors: 2.3.1
      loader-runner: 4.3.0
      mime-types: 2.1.35
      neo-async: 2.6.2
      schema-utils: 3.3.0
      tapable: 2.2.1
      terser-webpack-plugin: 5.3.9(webpack@5.89.0)
      watchpack: 2.4.0
      webpack-sources: 3.2.3
    transitivePeerDependencies:
      - '@swc/core'
      - esbuild
      - uglify-js

  zod-validation-error@1.3.1(zod@3.22.4):
    dependencies:
      zod: 3.22.4

  zod@3.22.4: {}
